
Microsoft Visual Studio Solution File, Format Version 12.00
# Visual Studio 2012
Project("{FAE04EC0-301F-11D3-BF4B-00C04F79EFBC}") = "TrainingApp2", "TrainingApp2.csproj", "{5FB147C0-0E33-4C14-9E03-17475D3E7417}"
EndProject
Project("{FAE04EC0-301F-11D3-BF4B-00C04F79EFBC}") = "TrainingApp2Web", "..\TrainingApp2Web\TrainingApp2Web.csproj", "{69B2F4A7-777B-4968-9177-BD03A3A52DC2}"
EndProject
Global
	GlobalSection(SolutionConfigurationPlatforms) = preSolution
		Debug|Any CPU = Debug|Any CPU
		Release|Any CPU = Release|Any CPU
	EndGlobalSection
	GlobalSection(ProjectConfigurationPlatforms) = postSolution
		{5FB147C0-0E33-4C14-9E03-17475D3E7417}.Debug|Any CPU.ActiveCfg = Debug|Any CPU
		{5FB147C0-0E33-4C14-9E03-17475D3E7417}.Debug|Any CPU.Build.0 = Debug|Any CPU
		{5FB147C0-0E33-4C14-9E03-17475D3E7417}.Debug|Any CPU.Deploy.0 = Debug|Any CPU
		{5FB147C0-0E33-4C14-9E03-17475D3E7417}.Release|Any CPU.ActiveCfg = Release|Any CPU
		{5FB147C0-0E33-4C14-9E03-17475D3E7417}.Release|Any CPU.Build.0 = Release|Any CPU
		{5FB147C0-0E33-4C14-9E03-17475D3E7417}.Release|Any CPU.Deploy.0 = Release|Any CPU
		{69B2F4A7-777B-4968-9177-BD03A3A52DC2}.Debug|Any CPU.ActiveCfg = Debug|Any CPU
		{69B2F4A7-777B-4968-9177-BD03A3A52DC2}.Debug|Any CPU.Build.0 = Debug|Any CPU
		{69B2F4A7-777B-4968-9177-BD03A3A52DC2}.Release|Any CPU.ActiveCfg = Release|Any CPU
		{69B2F4A7-777B-4968-9177-BD03A3A52DC2}.Release|Any CPU.Build.0 = Release|Any CPU
	EndGlobalSection
	GlobalSection(SolutionProperties) = preSolution
		HideSolutionNode = FALSE
	EndGlobalSection
EndGlobal
